[{<<"cowboy">>,
  {git,"git://github.com/ninenines/cowboy",
       {ref,"3d9078018d7f0a83a359b70c698d35e35fbb94f9"}},
  0},
 {<<"cowlib">>,
  {git,"git://github.com/ninenines/cowlib.git",
       {ref,"d544a494af4dbc810fc9c15eaf5cc050cced1501"}},
  1},
 {<<"nitrogen_core">>,
  {git,"git://github.com/nitrogen/nitrogen_core",
       {ref,"c6f367a4134927e01190cff5567e09dd54424475"}},
  0},
 {<<"nprocreg">>,
  {git,"git://github.com/nitrogen/nprocreg",
       {ref,"d022d52f4faa946d4092b2bca1a3de62b494c0fd"}},
  0},
 {<<"ranch">>,
  {git,"git://github.com/ninenines/ranch.git",
       {ref,"adf1822defc2b7cfdc7aca112adabfa1d614043c"}},
  1},
 {<<"simple_bridge">>,
  {git,"git://github.com/nitrogen/simple_bridge",
       {ref,"701cd31f074e08c09b1e2010d4f51465b814edab"}},
  0},
 {<<"sync">>,
  {git,"git://github.com/rustyio/sync",
       {ref,"de3c42df5845719d3a3529b76a01f9729821fe7a"}},
  0}].
